<?xml version="1.0" encoding="utf-8"?>
<Project ToolsVersion="4.0" xmlns="http://schemas.microsoft.com/developer/msbuild/2003">
  <ItemGroup>
    <Filter Include="源文件">
      <UniqueIdentifier>{4FC737F1-C7A5-4376-A066-2A32D752A2FF}</UniqueIdentifier>
      <Extensions>cpp;c;cc;cxx;c++;cppm;ixx;def;odl;idl;hpj;bat;asm;asmx</Extensions>
    </Filter>
    <Filter Include="头文件">
      <UniqueIdentifier>{93995380-89BD-4b04-88EB-625FBE52EBFB}</UniqueIdentifier>
      <Extensions>h;hh;hpp;hxx;h++;hm;inl;inc;ipp;xsd</Extensions>
    </Filter>
    <Filter Include="资源文件">
      <UniqueIdentifier>{67DA6AB6-F800-4c08-8B7A-83BB121AAD01}</UniqueIdentifier>
      <Extensions>rc;ico;cur;bmp;dlg;rc2;rct;bin;rgs;gif;jpg;jpeg;jpe;resx;tiff;tif;png;wav;mfcribbon-ms</Extensions>
    </Filter>
  </ItemGroup>
  <ItemGroup>
    <ClCompile Include="219存在重复元素II.cpp">
      <Filter>源文件</Filter>
    </ClCompile>
    <ClCompile Include="2202将一维数组转变成二维数组.cpp">
      <Filter>源文件</Filter>
    </ClCompile>
    <ClCompile Include="71简化路径.cpp">
      <Filter>源文件</Filter>
    </ClCompile>
    <ClCompile Include="删除排序链表中的重复元素.cpp">
      <Filter>源文件</Filter>
    </ClCompile>
    <ClCompile Include="2029石头游戏IX.cpp">
      <Filter>源文件</Filter>
    </ClCompile>
    <ClCompile Include="202快乐数.cpp">
      <Filter>源文件</Filter>
    </ClCompile>
    <ClCompile Include="1两数之和.cpp">
      <Filter>源文件</Filter>
    </ClCompile>
    <ClCompile Include="747至少是其它数字两倍的最大数.cpp">
      <Filter>源文件</Filter>
    </ClCompile>
    <ClCompile Include="455分发饼干.cpp">
      <Filter>源文件</Filter>
    </ClCompile>
    <ClCompile Include="21合并两个有序链表.cpp">
      <Filter>源文件</Filter>
    </ClCompile>
    <ClCompile Include="1716计算leetcode银行的钱.cpp">
      <Filter>源文件</Filter>
    </ClCompile>
    <ClCompile Include="1332删除回文子序列.cpp">
      <Filter>源文件</Filter>
    </ClCompile>
    <ClCompile Include="155最小栈.cpp">
      <Filter>源文件</Filter>
    </ClCompile>
    <ClCompile Include="剑指offer09用两个栈实现队列.cpp">
      <Filter>源文件</Filter>
    </ClCompile>
    <ClCompile Include="125验证回文串.cpp">
      <Filter>源文件</Filter>
    </ClCompile>
    <ClCompile Include="154寻找旋转排序数列中的最小值.cpp">
      <Filter>源文件</Filter>
    </ClCompile>
    <ClCompile Include="1688比赛中的匹配次数.cpp">
      <Filter>源文件</Filter>
    </ClCompile>
    <ClCompile Include="240搜索二维矩阵II.cpp">
      <Filter>源文件</Filter>
    </ClCompile>
    <ClCompile Include="剑指offer03数组中重复的数字.cpp">
      <Filter>源文件</Filter>
    </ClCompile>
    <ClCompile Include="剑指offer05替换空格.cpp">
      <Filter>源文件</Filter>
    </ClCompile>
    <ClCompile Include="剑指offer10 青蛙跳台问题II.cpp">
      <Filter>源文件</Filter>
    </ClCompile>
    <ClCompile Include="剑指offer06从尾向头打印链表.cpp">
      <Filter>源文件</Filter>
    </ClCompile>
    <ClCompile Include="剑指offer13机器人的运动范围.cpp">
      <Filter>源文件</Filter>
    </ClCompile>
    <ClCompile Include="2000反转单词前缀.cpp">
      <Filter>源文件</Filter>
    </ClCompile>
    <ClCompile Include="35搜索插入位置.cpp">
      <Filter>源文件</Filter>
    </ClCompile>
    <ClCompile Include="1414和为K的最少斐波那契数字数目.cpp">
      <Filter>源文件</Filter>
    </ClCompile>
    <ClCompile Include="1736最长的美好子字符串.cpp">
      <Filter>源文件</Filter>
    </ClCompile>
    <ClCompile Include="100相同的树.cpp">
      <Filter>源文件</Filter>
    </ClCompile>
    <ClCompile Include="343整数拆分.cpp">
      <Filter>源文件</Filter>
    </ClCompile>
    <ClCompile Include="199二叉树的右视图.cpp">
      <Filter>源文件</Filter>
    </ClCompile>
    <ClCompile Include="102二叉树的层序遍历.cpp">
      <Filter>源文件</Filter>
    </ClCompile>
    <ClCompile Include="107二叉树的层序遍历II.cpp">
      <Filter>源文件</Filter>
    </ClCompile>
    <ClCompile Include="1725可以形成最大正方形的矩形数目.cpp">
      <Filter>源文件</Filter>
    </ClCompile>
    <ClCompile Include="1219黄金矿工.cpp">
      <Filter>源文件</Filter>
    </ClCompile>
    <ClCompile Include="1748唯一元素的和.cpp">
      <Filter>源文件</Filter>
    </ClCompile>
    <ClCompile Include="3无重复字符的最长子串.cpp">
      <Filter>源文件</Filter>
    </ClCompile>
    <ClCompile Include="14最长公共前缀.cpp">
      <Filter>源文件</Filter>
    </ClCompile>
    <ClCompile Include="637二叉树的层平均值.cpp">
      <Filter>源文件</Filter>
    </ClCompile>
    <ClCompile Include="2006差的绝对值为K的数对数目.cpp">
      <Filter>源文件</Filter>
    </ClCompile>
    <ClCompile Include="1447最简分数.cpp">
      <Filter>源文件</Filter>
    </ClCompile>
    <ClCompile Include="gcd函数.cpp">
      <Filter>源文件</Filter>
    </ClCompile>
    <ClCompile Include="36有效的数独.cpp">
      <Filter>源文件</Filter>
    </ClCompile>
    <ClCompile Include="2两数相加.cpp">
      <Filter>源文件</Filter>
    </ClCompile>
    <ClCompile Include="1984学生分数的最小差值.cpp">
      <Filter>源文件</Filter>
    </ClCompile>
    <ClCompile Include="1020飞地的数量.cpp">
      <Filter>源文件</Filter>
    </ClCompile>
    <ClCompile Include="540有序数组中的单一元素.cpp">
      <Filter>源文件</Filter>
    </ClCompile>
    <ClCompile Include="1380矩阵中的幸运数.cpp">
      <Filter>源文件</Filter>
    </ClCompile>
    <ClCompile Include="1791找出星型图的中心节点.cpp">
      <Filter>源文件</Filter>
    </ClCompile>
    <ClCompile Include="969煎饼排序.cpp">
      <Filter>源文件</Filter>
    </ClCompile>
    <ClCompile Include="剑指offer17 打印从1到最大的n位数.cpp">
      <Filter>源文件</Filter>
    </ClCompile>
    <ClCompile Include="46全排列.cpp">
      <Filter>源文件</Filter>
    </ClCompile>
    <ClCompile Include="917仅仅反转字母.cpp">
      <Filter>源文件</Filter>
    </ClCompile>
    <ClCompile Include="1706球会落何处.cpp">
      <Filter>源文件</Filter>
    </ClCompile>
    <ClCompile Include="537复数乘法.cpp">
      <Filter>源文件</Filter>
    </ClCompile>
    <ClCompile Include="6Z字形变换.cpp">
      <Filter>源文件</Filter>
    </ClCompile>
    <ClCompile Include="2100适合银行打劫的日子.cpp">
      <Filter>源文件</Filter>
    </ClCompile>
    <ClCompile Include="504七进制数.cpp">
      <Filter>源文件</Filter>
    </ClCompile>
    <ClCompile Include="2055蜡烛之间的盘子.cpp">
      <Filter>源文件</Filter>
    </ClCompile>
    <ClCompile Include="589N叉树的前序遍历.cpp">
      <Filter>源文件</Filter>
    </ClCompile>
    <ClCompile Include="590N叉树的后序遍历.cpp">
      <Filter>源文件</Filter>
    </ClCompile>
    <ClCompile Include="599两个列表的最小索引总和.cpp">
      <Filter>源文件</Filter>
    </ClCompile>
    <ClCompile Include="2044统计按位或能得到最大值的子集数目.cpp">
      <Filter>源文件</Filter>
    </ClCompile>
    <ClCompile Include="432全O(1)的数据结构.cpp">
      <Filter>源文件</Filter>
    </ClCompile>
    <ClCompile Include="720词典中最长的单词.cpp">
      <Filter>源文件</Filter>
    </ClCompile>
    <ClCompile Include="653两数之和IV.cpp">
      <Filter>源文件</Filter>
    </ClCompile>
    <ClCompile Include="73矩阵置零.cpp">
      <Filter>源文件</Filter>
    </ClCompile>
    <ClCompile Include="2038如果相邻两个颜色均相同则删除当前颜色.cpp">
      <Filter>源文件</Filter>
    </ClCompile>
  </ItemGroup>
  <ItemGroup>
    <ClInclude Include="myhead.h">
      <Filter>头文件</Filter>
    </ClInclude>
  </ItemGroup>
</Project>